
Microsoft Visual Studio Solution File, Format Version 12.00
# Visual Studio Version 17
VisualStudioVersion = 17.2.32630.192
MinimumVisualStudioVersion = 10.0.40219.1
Project("{FAE04EC0-301F-11D3-BF4B-00C04F79EFBC}") = "Exercicio1", "Exercicio1\Exercicio1.csproj", "{F16EEFEB-9A58-42A5-B2B4-6F9A9621A216}"
EndProject
Global
	GlobalSection(SolutionConfigurationPlatforms) = preSolution
		Debug|Any CPU = Debug|Any CPU
		Release|Any CPU = Release|Any CPU
	EndGlobalSection
	GlobalSection(ProjectConfigurationPlatforms) = postSolution
		{F16EEFEB-9A58-42A5-B2B4-6F9A9621A216}.Debug|Any CPU.ActiveCfg = Debug|Any CPU
		{F16EEFEB-9A58-42A5-B2B4-6F9A9621A216}.Debug|Any CPU.Build.0 = Debug|Any CPU
		{F16EEFEB-9A58-42A5-B2B4-6F9A9621A216}.Release|Any CPU.ActiveCfg = Release|Any CPU
		{F16EEFEB-9A58-42A5-B2B4-6F9A9621A216}.Release|Any CPU.Build.0 = Release|Any CPU
	EndGlobalSection
	GlobalSection(SolutionProperties) = preSolution
		HideSolutionNode = FALSE
	EndGlobalSection
	GlobalSection(ExtensibilityGlobals) = postSolution
		SolutionGuid = {75F0F9B8-720E-4084-A2C0-BC223B78568F}
	EndGlobalSection
EndGlobal
