
Microsoft Visual Studio Solution File, Format Version 12.00
# Visual Studio Version 17
VisualStudioVersion = 17.2.32630.192
MinimumVisualStudioVersion = 10.0.40219.1
Project("{FAE04EC0-301F-11D3-BF4B-00C04F79EFBC}") = "Aula142", "Aula142\Aula142.csproj", "{9898FC85-9964-4313-97F4-7569FECA8463}"
EndProject
Global
	GlobalSection(SolutionConfigurationPlatforms) = preSolution
		Debug|Any CPU = Debug|Any CPU
		Release|Any CPU = Release|Any CPU
	EndGlobalSection
	GlobalSection(ProjectConfigurationPlatforms) = postSolution
		{9898FC85-9964-4313-97F4-7569FECA8463}.Debug|Any CPU.ActiveCfg = Debug|Any CPU
		{9898FC85-9964-4313-97F4-7569FECA8463}.Debug|Any CPU.Build.0 = Debug|Any CPU
		{9898FC85-9964-4313-97F4-7569FECA8463}.Release|Any CPU.ActiveCfg = Release|Any CPU
		{9898FC85-9964-4313-97F4-7569FECA8463}.Release|Any CPU.Build.0 = Release|Any CPU
	EndGlobalSection
	GlobalSection(SolutionProperties) = preSolution
		HideSolutionNode = FALSE
	EndGlobalSection
	GlobalSection(ExtensibilityGlobals) = postSolution
		SolutionGuid = {D14299D2-5AF5-49D5-ADDF-4E90A57EE9F6}
	EndGlobalSection
EndGlobal
