
Microsoft Visual Studio Solution File, Format Version 12.00
# Visual Studio Version 17
VisualStudioVersion = 17.2.32630.192
MinimumVisualStudioVersion = 10.0.40219.1
Project("{FAE04EC0-301F-11D3-BF4B-00C04F79EFBC}") = "Aula146", "Aula146\Aula146.csproj", "{A420E39F-2FE2-4104-BEBE-A27E262D586F}"
EndProject
Global
	GlobalSection(SolutionConfigurationPlatforms) = preSolution
		Debug|Any CPU = Debug|Any CPU
		Release|Any CPU = Release|Any CPU
	EndGlobalSection
	GlobalSection(ProjectConfigurationPlatforms) = postSolution
		{A420E39F-2FE2-4104-BEBE-A27E262D586F}.Debug|Any CPU.ActiveCfg = Debug|Any CPU
		{A420E39F-2FE2-4104-BEBE-A27E262D586F}.Debug|Any CPU.Build.0 = Debug|Any CPU
		{A420E39F-2FE2-4104-BEBE-A27E262D586F}.Release|Any CPU.ActiveCfg = Release|Any CPU
		{A420E39F-2FE2-4104-BEBE-A27E262D586F}.Release|Any CPU.Build.0 = Release|Any CPU
	EndGlobalSection
	GlobalSection(SolutionProperties) = preSolution
		HideSolutionNode = FALSE
	EndGlobalSection
	GlobalSection(ExtensibilityGlobals) = postSolution
		SolutionGuid = {D87F60FE-5E09-49B5-AE3A-C3E3A400269A}
	EndGlobalSection
EndGlobal
